
Microsoft Visual Studio Solution File, Format Version 12.00
# Visual Studio 14
VisualStudioVersion = 14.0.23107.0
MinimumVisualStudioVersion = 10.0.40219.1
Project("{FAE04EC0-301F-11D3-BF4B-00C04F79EFBC}") = "QSTCreator", "QSTCreator\QSTCreator.csproj", "{A30709B1-EB07-4B97-97F0-706EEF6EC537}"
EndProject
Project("{FAE04EC0-301F-11D3-BF4B-00C04F79EFBC}") = "DataQuest", "DataQuest\DataQuest.csproj", "{AC918FBB-2E4E-41A6-B86E-205241DA6EA1}"
EndProject
Project("{FAE04EC0-301F-11D3-BF4B-00C04F79EFBC}") = "ConsoleDataTest", "ConsoleDataTest\ConsoleDataTest.csproj", "{500E3438-4517-44E6-8539-CCB637C5D892}"
EndProject
Global
	GlobalSection(SolutionConfigurationPlatforms) = preSolution
		Debug|Any CPU = Debug|Any CPU
		Release|Any CPU = Release|Any CPU
	EndGlobalSection
	GlobalSection(ProjectConfigurationPlatforms) = postSolution
		{A30709B1-EB07-4B97-97F0-706EEF6EC537}.Debug|Any CPU.ActiveCfg = Debug|Any CPU
		{A30709B1-EB07-4B97-97F0-706EEF6EC537}.Debug|Any CPU.Build.0 = Debug|Any CPU
		{A30709B1-EB07-4B97-97F0-706EEF6EC537}.Release|Any CPU.ActiveCfg = Release|Any CPU
		{A30709B1-EB07-4B97-97F0-706EEF6EC537}.Release|Any CPU.Build.0 = Release|Any CPU
		{AC918FBB-2E4E-41A6-B86E-205241DA6EA1}.Debug|Any CPU.ActiveCfg = Debug|Any CPU
		{AC918FBB-2E4E-41A6-B86E-205241DA6EA1}.Debug|Any CPU.Build.0 = Debug|Any CPU
		{AC918FBB-2E4E-41A6-B86E-205241DA6EA1}.Release|Any CPU.ActiveCfg = Release|Any CPU
		{AC918FBB-2E4E-41A6-B86E-205241DA6EA1}.Release|Any CPU.Build.0 = Release|Any CPU
		{500E3438-4517-44E6-8539-CCB637C5D892}.Debug|Any CPU.ActiveCfg = Debug|Any CPU
		{500E3438-4517-44E6-8539-CCB637C5D892}.Debug|Any CPU.Build.0 = Debug|Any CPU
		{500E3438-4517-44E6-8539-CCB637C5D892}.Release|Any CPU.ActiveCfg = Release|Any CPU
		{500E3438-4517-44E6-8539-CCB637C5D892}.Release|Any CPU.Build.0 = Release|Any CPU
	EndGlobalSection
	GlobalSection(SolutionProperties) = preSolution
		HideSolutionNode = FALSE
	EndGlobalSection
EndGlobal
